
Microsoft Visual Studio Solution File, Format Version 12.00
# Visual Studio 15
VisualStudioVersion = 15.0.28010.2019
MinimumVisualStudioVersion = 10.0.40219.1
Project("{FAE04EC0-301F-11D3-BF4B-00C04F79EFBC}") = "Aplicacao", "Aplicacao\Aplicacao.csproj", "{5A6681D3-31DB-4A39-9632-7246B2FECEF7}"
EndProject
Global
	GlobalSection(SolutionConfigurationPlatforms) = preSolution
		Debug|Any CPU = Debug|Any CPU
		Release|Any CPU = Release|Any CPU
	EndGlobalSection
	GlobalSection(ProjectConfigurationPlatforms) = postSolution
		{5A6681D3-31DB-4A39-9632-7246B2FECEF7}.Debug|Any CPU.ActiveCfg = Debug|Any CPU
		{5A6681D3-31DB-4A39-9632-7246B2FECEF7}.Debug|Any CPU.Build.0 = Debug|Any CPU
		{5A6681D3-31DB-4A39-9632-7246B2FECEF7}.Release|Any CPU.ActiveCfg = Release|Any CPU
		{5A6681D3-31DB-4A39-9632-7246B2FECEF7}.Release|Any CPU.Build.0 = Release|Any CPU
	EndGlobalSection
	GlobalSection(SolutionProperties) = preSolution
		HideSolutionNode = FALSE
	EndGlobalSection
	GlobalSection(ExtensibilityGlobals) = postSolution
		SolutionGuid = {D8B7CA36-24D2-43AC-A530-0BFE22D5D067}
	EndGlobalSection
EndGlobal
